
Microsoft Visual Studio Solution File, Format Version 12.00
# Visual Studio Version 17
VisualStudioVersion = 17.0.31606.5
MinimumVisualStudioVersion = 10.0.40219.1
Project("{9A19103F-16F7-4668-BE54-9A1E7A4F7556}") = "MathAlgo", "MathAlgo\MathAlgo.csproj", "{9F95528D-0DD4-4224-A16E-DAE02AB7F82E}"
EndProject
Project("{9A19103F-16F7-4668-BE54-9A1E7A4F7556}") = "Helpers", "Helpers\Helpers.csproj", "{9DDA8AC6-0509-408B-BB4A-8FA4ACBCC0EB}"
EndProject
Project("{9A19103F-16F7-4668-BE54-9A1E7A4F7556}") = "Distance", "Distance\Distance.csproj", "{A9C660F5-B1FE-4198-846C-B7C1A4E6D0D9}"
EndProject
Project("{9A19103F-16F7-4668-BE54-9A1E7A4F7556}") = "ExamplesRunning", "ExemplesRunning\ExamplesRunning.csproj", "{063FB702-38A2-4F68-8DB3-333A41DAF922}"
EndProject
Project("{9A19103F-16F7-4668-BE54-9A1E7A4F7556}") = "Models", "Models\Models.csproj", "{6CC20512-8E61-42CE-979D-ECF48125F4D3}"
EndProject
Project("{9A19103F-16F7-4668-BE54-9A1E7A4F7556}") = "Finding", "Finding\Finding.csproj", "{81D618E9-627E-46FB-AE2C-F9C05F9CE7F6}"
EndProject
Project("{9A19103F-16F7-4668-BE54-9A1E7A4F7556}") = "View", "View\View.csproj", "{F00CF403-EE37-48CB-9FEE-149D9B779FE5}"
EndProject
Project("{9A19103F-16F7-4668-BE54-9A1E7A4F7556}") = "TowersOfHanoi", "TowersOfHanoi\TowersOfHanoi.csproj", "{0A0ECB55-F595-4295-9C20-5AAC39907B58}"
EndProject
Project("{9A19103F-16F7-4668-BE54-9A1E7A4F7556}") = "Graphs", "Graphs\Graphs.csproj", "{966A4F51-95F6-44E8-A163-A4C7F823A467}"
EndProject
Project("{9A19103F-16F7-4668-BE54-9A1E7A4F7556}") = "Huffman", "Huffman\Huffman.csproj", "{F86494E1-6267-4A34-BBF1-79E40D45D978}"
EndProject
Project("{9A19103F-16F7-4668-BE54-9A1E7A4F7556}") = "KnapsackProblem", "KnapsackProblem\KnapsackProblem.csproj", "{D2A867CF-DFC4-4A87-8193-0F3D5D8CE57C}"
EndProject
Project("{9A19103F-16F7-4668-BE54-9A1E7A4F7556}") = "NeedlemanWunsch", "NeedlemanWunsch\NeedlemanWunsch.csproj", "{92055D87-24A6-469A-92B0-ADF3D447CDB0}"
EndProject
Project("{9A19103F-16F7-4668-BE54-9A1E7A4F7556}") = "MaximumCoverage", "MaximumCoverage\MaximumCoverage.csproj", "{D1B3A290-5CC7-4721-8DD7-F11153EE84E7}"
EndProject
Project("{9A19103F-16F7-4668-BE54-9A1E7A4F7556}") = "SalesmanProblem", "SalesmanProblem\SalesmanProblem.csproj", "{8A915FCB-72BB-4171-AD45-CA8757256801}"
EndProject
Project("{9A19103F-16F7-4668-BE54-9A1E7A4F7556}") = "PatternMatching", "PatternMatching\PatternMatching.csproj", "{0BB387A3-2553-4001-B178-A82DAB380C6A}"
EndProject
Project("{9A19103F-16F7-4668-BE54-9A1E7A4F7556}") = "DeferredAcceptance", "DeferredAcceptance\DeferredAcceptance.csproj", "{CFA782AF-62B4-4AF6-A975-1227F71A52A9}"
EndProject
Project("{2150E333-8FDC-42A3-9474-1A3956D46DE8}") = "DataStructures", "DataStructures", "{56222960-B7DF-4980-99E5-FE788CF6B8C1}"
EndProject
Project("{9A19103F-16F7-4668-BE54-9A1E7A4F7556}") = "DataStructures.Common", "DataStructures\DataStructures.Common\DataStructures.Common.csproj", "{E8729350-DCF1-4F6B-BE2D-D5963F10BCF2}"
EndProject
Project("{9A19103F-16F7-4668-BE54-9A1E7A4F7556}") = "DataStructures.Lists", "DataStructures\DataStructures.Lists\DataStructures.Lists.csproj", "{2DE605A8-19D5-44F5-86FA-EB7A84C69F4C}"
EndProject
Project("{9A19103F-16F7-4668-BE54-9A1E7A4F7556}") = "DataStructures.Heaps", "DataStructures\DataStructure.Heaps\DataStructures.Heaps.csproj", "{11CD0152-ECD8-4E46-AC51-D000254C9644}"
EndProject
Project("{2150E333-8FDC-42A3-9474-1A3956D46DE8}") = "Sorting", "Sorting", "{AF302D01-5984-44AD-B32D-1A45DE827538}"
EndProject
Project("{9A19103F-16F7-4668-BE54-9A1E7A4F7556}") = "Sorting.Common", "Sorting\Sorting.Common\Sorting.Common.csproj", "{69B989B3-D382-4D3A-96F3-DA25158B1656}"
EndProject
Project("{9A19103F-16F7-4668-BE54-9A1E7A4F7556}") = "DataStructures.HashTables", "DataStructures\DataStructures.HashTables\DataStructures.HashTables.csproj", "{E29C6C5A-398A-453B-BA90-9D442222F222}"
EndProject
Project("{9A19103F-16F7-4668-BE54-9A1E7A4F7556}") = "Sorting.Insertion", "Sorting\Sorting.Insertion\Sorting.Insertion.csproj", "{D2260E51-3C0D-4036-B32B-5187E6F958A4}"
EndProject
Project("{9A19103F-16F7-4668-BE54-9A1E7A4F7556}") = "DataStructures.BTrees", "DataStructures\DataStructures.BTrees\DataStructures.BTrees.csproj", "{C2F56377-CB7C-467C-987C-2D44C29EECE4}"
EndProject
Project("{9A19103F-16F7-4668-BE54-9A1E7A4F7556}") = "ScheduleOptimization", "ScheduleOptimization\ScheduleOptimization.csproj", "{541EF2D5-E61F-4E7A-96E8-92330FA8D047}"
EndProject
Global
	GlobalSection(SolutionConfigurationPlatforms) = preSolution
		Debug|Any CPU = Debug|Any CPU
		Release|Any CPU = Release|Any CPU
	EndGlobalSection
	GlobalSection(ProjectConfigurationPlatforms) = postSolution
		{9F95528D-0DD4-4224-A16E-DAE02AB7F82E}.Debug|Any CPU.ActiveCfg = Debug|Any CPU
		{9F95528D-0DD4-4224-A16E-DAE02AB7F82E}.Debug|Any CPU.Build.0 = Debug|Any CPU
		{9F95528D-0DD4-4224-A16E-DAE02AB7F82E}.Release|Any CPU.ActiveCfg = Release|Any CPU
		{9F95528D-0DD4-4224-A16E-DAE02AB7F82E}.Release|Any CPU.Build.0 = Release|Any CPU
		{9DDA8AC6-0509-408B-BB4A-8FA4ACBCC0EB}.Debug|Any CPU.ActiveCfg = Debug|Any CPU
		{9DDA8AC6-0509-408B-BB4A-8FA4ACBCC0EB}.Debug|Any CPU.Build.0 = Debug|Any CPU
		{9DDA8AC6-0509-408B-BB4A-8FA4ACBCC0EB}.Release|Any CPU.ActiveCfg = Release|Any CPU
		{9DDA8AC6-0509-408B-BB4A-8FA4ACBCC0EB}.Release|Any CPU.Build.0 = Release|Any CPU
		{A9C660F5-B1FE-4198-846C-B7C1A4E6D0D9}.Debug|Any CPU.ActiveCfg = Debug|Any CPU
		{A9C660F5-B1FE-4198-846C-B7C1A4E6D0D9}.Debug|Any CPU.Build.0 = Debug|Any CPU
		{A9C660F5-B1FE-4198-846C-B7C1A4E6D0D9}.Release|Any CPU.ActiveCfg = Release|Any CPU
		{A9C660F5-B1FE-4198-846C-B7C1A4E6D0D9}.Release|Any CPU.Build.0 = Release|Any CPU
		{063FB702-38A2-4F68-8DB3-333A41DAF922}.Debug|Any CPU.ActiveCfg = Debug|Any CPU
		{063FB702-38A2-4F68-8DB3-333A41DAF922}.Debug|Any CPU.Build.0 = Debug|Any CPU
		{063FB702-38A2-4F68-8DB3-333A41DAF922}.Release|Any CPU.ActiveCfg = Release|Any CPU
		{063FB702-38A2-4F68-8DB3-333A41DAF922}.Release|Any CPU.Build.0 = Release|Any CPU
		{6CC20512-8E61-42CE-979D-ECF48125F4D3}.Debug|Any CPU.ActiveCfg = Debug|Any CPU
		{6CC20512-8E61-42CE-979D-ECF48125F4D3}.Debug|Any CPU.Build.0 = Debug|Any CPU
		{6CC20512-8E61-42CE-979D-ECF48125F4D3}.Release|Any CPU.ActiveCfg = Release|Any CPU
		{6CC20512-8E61-42CE-979D-ECF48125F4D3}.Release|Any CPU.Build.0 = Release|Any CPU
		{81D618E9-627E-46FB-AE2C-F9C05F9CE7F6}.Debug|Any CPU.ActiveCfg = Debug|Any CPU
		{81D618E9-627E-46FB-AE2C-F9C05F9CE7F6}.Debug|Any CPU.Build.0 = Debug|Any CPU
		{81D618E9-627E-46FB-AE2C-F9C05F9CE7F6}.Release|Any CPU.ActiveCfg = Release|Any CPU
		{81D618E9-627E-46FB-AE2C-F9C05F9CE7F6}.Release|Any CPU.Build.0 = Release|Any CPU
		{F00CF403-EE37-48CB-9FEE-149D9B779FE5}.Debug|Any CPU.ActiveCfg = Debug|Any CPU
		{F00CF403-EE37-48CB-9FEE-149D9B779FE5}.Debug|Any CPU.Build.0 = Debug|Any CPU
		{F00CF403-EE37-48CB-9FEE-149D9B779FE5}.Release|Any CPU.ActiveCfg = Release|Any CPU
		{F00CF403-EE37-48CB-9FEE-149D9B779FE5}.Release|Any CPU.Build.0 = Release|Any CPU
		{0A0ECB55-F595-4295-9C20-5AAC39907B58}.Debug|Any CPU.ActiveCfg = Debug|Any CPU
		{0A0ECB55-F595-4295-9C20-5AAC39907B58}.Debug|Any CPU.Build.0 = Debug|Any CPU
		{0A0ECB55-F595-4295-9C20-5AAC39907B58}.Release|Any CPU.ActiveCfg = Release|Any CPU
		{0A0ECB55-F595-4295-9C20-5AAC39907B58}.Release|Any CPU.Build.0 = Release|Any CPU
		{966A4F51-95F6-44E8-A163-A4C7F823A467}.Debug|Any CPU.ActiveCfg = Debug|Any CPU
		{966A4F51-95F6-44E8-A163-A4C7F823A467}.Debug|Any CPU.Build.0 = Debug|Any CPU
		{966A4F51-95F6-44E8-A163-A4C7F823A467}.Release|Any CPU.ActiveCfg = Release|Any CPU
		{966A4F51-95F6-44E8-A163-A4C7F823A467}.Release|Any CPU.Build.0 = Release|Any CPU
		{F86494E1-6267-4A34-BBF1-79E40D45D978}.Debug|Any CPU.ActiveCfg = Debug|Any CPU
		{F86494E1-6267-4A34-BBF1-79E40D45D978}.Debug|Any CPU.Build.0 = Debug|Any CPU
		{F86494E1-6267-4A34-BBF1-79E40D45D978}.Release|Any CPU.ActiveCfg = Release|Any CPU
		{F86494E1-6267-4A34-BBF1-79E40D45D978}.Release|Any CPU.Build.0 = Release|Any CPU
		{D2A867CF-DFC4-4A87-8193-0F3D5D8CE57C}.Debug|Any CPU.ActiveCfg = Debug|Any CPU
		{D2A867CF-DFC4-4A87-8193-0F3D5D8CE57C}.Debug|Any CPU.Build.0 = Debug|Any CPU
		{D2A867CF-DFC4-4A87-8193-0F3D5D8CE57C}.Release|Any CPU.ActiveCfg = Release|Any CPU
		{D2A867CF-DFC4-4A87-8193-0F3D5D8CE57C}.Release|Any CPU.Build.0 = Release|Any CPU
		{92055D87-24A6-469A-92B0-ADF3D447CDB0}.Debug|Any CPU.ActiveCfg = Debug|Any CPU
		{92055D87-24A6-469A-92B0-ADF3D447CDB0}.Debug|Any CPU.Build.0 = Debug|Any CPU
		{92055D87-24A6-469A-92B0-ADF3D447CDB0}.Release|Any CPU.ActiveCfg = Release|Any CPU
		{92055D87-24A6-469A-92B0-ADF3D447CDB0}.Release|Any CPU.Build.0 = Release|Any CPU
		{D1B3A290-5CC7-4721-8DD7-F11153EE84E7}.Debug|Any CPU.ActiveCfg = Debug|Any CPU
		{D1B3A290-5CC7-4721-8DD7-F11153EE84E7}.Debug|Any CPU.Build.0 = Debug|Any CPU
		{D1B3A290-5CC7-4721-8DD7-F11153EE84E7}.Release|Any CPU.ActiveCfg = Release|Any CPU
		{D1B3A290-5CC7-4721-8DD7-F11153EE84E7}.Release|Any CPU.Build.0 = Release|Any CPU
		{8A915FCB-72BB-4171-AD45-CA8757256801}.Debug|Any CPU.ActiveCfg = Debug|Any CPU
		{8A915FCB-72BB-4171-AD45-CA8757256801}.Debug|Any CPU.Build.0 = Debug|Any CPU
		{8A915FCB-72BB-4171-AD45-CA8757256801}.Release|Any CPU.ActiveCfg = Release|Any CPU
		{8A915FCB-72BB-4171-AD45-CA8757256801}.Release|Any CPU.Build.0 = Release|Any CPU
		{0BB387A3-2553-4001-B178-A82DAB380C6A}.Debug|Any CPU.ActiveCfg = Debug|Any CPU
		{0BB387A3-2553-4001-B178-A82DAB380C6A}.Debug|Any CPU.Build.0 = Debug|Any CPU
		{0BB387A3-2553-4001-B178-A82DAB380C6A}.Release|Any CPU.ActiveCfg = Release|Any CPU
		{0BB387A3-2553-4001-B178-A82DAB380C6A}.Release|Any CPU.Build.0 = Release|Any CPU
		{CFA782AF-62B4-4AF6-A975-1227F71A52A9}.Debug|Any CPU.ActiveCfg = Debug|Any CPU
		{CFA782AF-62B4-4AF6-A975-1227F71A52A9}.Debug|Any CPU.Build.0 = Debug|Any CPU
		{CFA782AF-62B4-4AF6-A975-1227F71A52A9}.Release|Any CPU.ActiveCfg = Release|Any CPU
		{CFA782AF-62B4-4AF6-A975-1227F71A52A9}.Release|Any CPU.Build.0 = Release|Any CPU
		{E8729350-DCF1-4F6B-BE2D-D5963F10BCF2}.Debug|Any CPU.ActiveCfg = Debug|Any CPU
		{E8729350-DCF1-4F6B-BE2D-D5963F10BCF2}.Debug|Any CPU.Build.0 = Debug|Any CPU
		{E8729350-DCF1-4F6B-BE2D-D5963F10BCF2}.Release|Any CPU.ActiveCfg = Release|Any CPU
		{E8729350-DCF1-4F6B-BE2D-D5963F10BCF2}.Release|Any CPU.Build.0 = Release|Any CPU
		{2DE605A8-19D5-44F5-86FA-EB7A84C69F4C}.Debug|Any CPU.ActiveCfg = Debug|Any CPU
		{2DE605A8-19D5-44F5-86FA-EB7A84C69F4C}.Debug|Any CPU.Build.0 = Debug|Any CPU
		{2DE605A8-19D5-44F5-86FA-EB7A84C69F4C}.Release|Any CPU.ActiveCfg = Release|Any CPU
		{2DE605A8-19D5-44F5-86FA-EB7A84C69F4C}.Release|Any CPU.Build.0 = Release|Any CPU
		{11CD0152-ECD8-4E46-AC51-D000254C9644}.Debug|Any CPU.ActiveCfg = Debug|Any CPU
		{11CD0152-ECD8-4E46-AC51-D000254C9644}.Debug|Any CPU.Build.0 = Debug|Any CPU
		{11CD0152-ECD8-4E46-AC51-D000254C9644}.Release|Any CPU.ActiveCfg = Release|Any CPU
		{11CD0152-ECD8-4E46-AC51-D000254C9644}.Release|Any CPU.Build.0 = Release|Any CPU
		{69B989B3-D382-4D3A-96F3-DA25158B1656}.Debug|Any CPU.ActiveCfg = Debug|Any CPU
		{69B989B3-D382-4D3A-96F3-DA25158B1656}.Debug|Any CPU.Build.0 = Debug|Any CPU
		{69B989B3-D382-4D3A-96F3-DA25158B1656}.Release|Any CPU.ActiveCfg = Release|Any CPU
		{69B989B3-D382-4D3A-96F3-DA25158B1656}.Release|Any CPU.Build.0 = Release|Any CPU
		{E29C6C5A-398A-453B-BA90-9D442222F222}.Debug|Any CPU.ActiveCfg = Debug|Any CPU
		{E29C6C5A-398A-453B-BA90-9D442222F222}.Debug|Any CPU.Build.0 = Debug|Any CPU
		{E29C6C5A-398A-453B-BA90-9D442222F222}.Release|Any CPU.ActiveCfg = Release|Any CPU
		{E29C6C5A-398A-453B-BA90-9D442222F222}.Release|Any CPU.Build.0 = Release|Any CPU
		{D2260E51-3C0D-4036-B32B-5187E6F958A4}.Debug|Any CPU.ActiveCfg = Debug|Any CPU
		{D2260E51-3C0D-4036-B32B-5187E6F958A4}.Debug|Any CPU.Build.0 = Debug|Any CPU
		{D2260E51-3C0D-4036-B32B-5187E6F958A4}.Release|Any CPU.ActiveCfg = Release|Any CPU
		{D2260E51-3C0D-4036-B32B-5187E6F958A4}.Release|Any CPU.Build.0 = Release|Any CPU
		{C2F56377-CB7C-467C-987C-2D44C29EECE4}.Debug|Any CPU.ActiveCfg = Debug|Any CPU
		{C2F56377-CB7C-467C-987C-2D44C29EECE4}.Debug|Any CPU.Build.0 = Debug|Any CPU
		{C2F56377-CB7C-467C-987C-2D44C29EECE4}.Release|Any CPU.ActiveCfg = Release|Any CPU
		{C2F56377-CB7C-467C-987C-2D44C29EECE4}.Release|Any CPU.Build.0 = Release|Any CPU
		{541EF2D5-E61F-4E7A-96E8-92330FA8D047}.Debug|Any CPU.ActiveCfg = Debug|Any CPU
		{541EF2D5-E61F-4E7A-96E8-92330FA8D047}.Debug|Any CPU.Build.0 = Debug|Any CPU
		{541EF2D5-E61F-4E7A-96E8-92330FA8D047}.Release|Any CPU.ActiveCfg = Release|Any CPU
		{541EF2D5-E61F-4E7A-96E8-92330FA8D047}.Release|Any CPU.Build.0 = Release|Any CPU
	EndGlobalSection
	GlobalSection(SolutionProperties) = preSolution
		HideSolutionNode = FALSE
	EndGlobalSection
	GlobalSection(NestedProjects) = preSolution
		{E8729350-DCF1-4F6B-BE2D-D5963F10BCF2} = {56222960-B7DF-4980-99E5-FE788CF6B8C1}
		{2DE605A8-19D5-44F5-86FA-EB7A84C69F4C} = {56222960-B7DF-4980-99E5-FE788CF6B8C1}
		{11CD0152-ECD8-4E46-AC51-D000254C9644} = {56222960-B7DF-4980-99E5-FE788CF6B8C1}
		{69B989B3-D382-4D3A-96F3-DA25158B1656} = {AF302D01-5984-44AD-B32D-1A45DE827538}
		{E29C6C5A-398A-453B-BA90-9D442222F222} = {56222960-B7DF-4980-99E5-FE788CF6B8C1}
		{D2260E51-3C0D-4036-B32B-5187E6F958A4} = {AF302D01-5984-44AD-B32D-1A45DE827538}
		{C2F56377-CB7C-467C-987C-2D44C29EECE4} = {56222960-B7DF-4980-99E5-FE788CF6B8C1}
	EndGlobalSection
	GlobalSection(ExtensibilityGlobals) = postSolution
		SolutionGuid = {23418149-2DE4-472F-98B3-E66C0DA394D2}
	EndGlobalSection
EndGlobal
