
Microsoft Visual Studio Solution File, Format Version 12.00
# Visual Studio Version 17
VisualStudioVersion = 17.0.31606.5
MinimumVisualStudioVersion = 10.0.40219.1
Project("{2150E333-8FDC-42A3-9474-1A3956D46DE8}") = "DataStuctures", "DataStuctures", "{36111B8C-157A-4353-8A4D-E10180E3ECF1}"
EndProject
Project("{9A19103F-16F7-4668-BE54-9A1E7A4F7556}") = "DataStructures.Heaps", "DataStructures\DataStructure.Heaps\DataStructures.Heaps.csproj", "{4A67230A-1B46-4525-A470-57C87780FF3D}"
EndProject
Project("{9A19103F-16F7-4668-BE54-9A1E7A4F7556}") = "DataStructures.BTrees", "DataStructures\DataStructures.BTrees\DataStructures.BTrees.csproj", "{0B113622-06A7-46F8-B243-D66ADC855E15}"
EndProject
Project("{9A19103F-16F7-4668-BE54-9A1E7A4F7556}") = "DataStructures.Common", "DataStructures\DataStructures.Common\DataStructures.Common.csproj", "{4109CB2A-3F74-4B41-B2DB-B6696ECB563A}"
EndProject
Project("{9A19103F-16F7-4668-BE54-9A1E7A4F7556}") = "DataStructures.HashTables", "DataStructures\DataStructures.HashTables\DataStructures.HashTables.csproj", "{E0BCF15A-429B-4A6B-92DC-6EE2B9B015E5}"
EndProject
Project("{9A19103F-16F7-4668-BE54-9A1E7A4F7556}") = "DataStructures.Lists", "DataStructures\DataStructures.Lists\DataStructures.Lists.csproj", "{C7A07821-0C33-4D65-BC11-EA33F0B5E96F}"
EndProject
Project("{9A19103F-16F7-4668-BE54-9A1E7A4F7556}") = "DataStructures.Tests", "DataStructures\DataStructures.Tests\DataStructures.Tests.csproj", "{4EE87531-6679-41B4-82FE-F64008809848}"
EndProject
Project("{9A19103F-16F7-4668-BE54-9A1E7A4F7556}") = "Helpers", "Helpers\Helpers.csproj", "{025DA348-7068-4D33-8D50-26FF27CAD138}"
EndProject
Project("{9A19103F-16F7-4668-BE54-9A1E7A4F7556}") = "ExamplesRunning", "ExemplesRunning\ExamplesRunning.csproj", "{2C5CB3CF-3DC3-4EFF-8173-C98900D138D1}"
EndProject
Project("{9A19103F-16F7-4668-BE54-9A1E7A4F7556}") = "View", "View\View.csproj", "{8F7F6F50-DE42-4709-BC8F-E35B5946A050}"
EndProject
Project("{9A19103F-16F7-4668-BE54-9A1E7A4F7556}") = "TowersOfHanoi", "TowersOfHanoi\TowersOfHanoi.csproj", "{24F8E2A6-24FC-4669-A09F-BEEC60C8AB69}"
EndProject
Project("{9A19103F-16F7-4668-BE54-9A1E7A4F7556}") = "KnapsackProblem", "KnapsackProblem\KnapsackProblem.csproj", "{5B43203D-4735-4B18-A599-63D2F6D768F3}"
EndProject
Project("{9A19103F-16F7-4668-BE54-9A1E7A4F7556}") = "MaximumCoverage", "MaximumCoverage\MaximumCoverage.csproj", "{F5FB1898-A0AE-469B-AE28-2D5D141747A4}"
EndProject
Project("{9A19103F-16F7-4668-BE54-9A1E7A4F7556}") = "SalesmanProblem", "SalesmanProblem\SalesmanProblem.csproj", "{DFF4E3EF-8A5E-47C4-8FFD-8F5ED4AEF5BD}"
EndProject
Project("{9A19103F-16F7-4668-BE54-9A1E7A4F7556}") = "DeferredAcceptance", "DeferredAcceptance\DeferredAcceptance.csproj", "{0908BA90-E80C-437F-AFB0-722973508D11}"
EndProject
Project("{2150E333-8FDC-42A3-9474-1A3956D46DE8}") = "Sorting", "Sorting", "{FA0F85E5-C5BE-4E92-9B69-3631BC7EF2FD}"
EndProject
Project("{9A19103F-16F7-4668-BE54-9A1E7A4F7556}") = "Sorting.Benchmarks", "Sorting\Sorting.Benchmarks\Sorting.Benchmarks.csproj", "{EBBCEA58-0417-4667-9100-A4A180D39687}"
EndProject
Project("{9A19103F-16F7-4668-BE54-9A1E7A4F7556}") = "Sorting.Common", "Sorting\Sorting.Common\Sorting.Common.csproj", "{36CA6368-98B6-4D1C-BC70-7DB8EF4B9BEB}"
EndProject
Project("{9A19103F-16F7-4668-BE54-9A1E7A4F7556}") = "Sorting.Insertion", "Sorting\Sorting.Insertion\Sorting.Insertion.csproj", "{6E5F4642-1D69-4B9C-9D29-ADD5FD5AE09F}"
EndProject
Project("{9A19103F-16F7-4668-BE54-9A1E7A4F7556}") = "Sorting.Tests", "Sorting\Sorting.Tests\Sorting.Tests.csproj", "{874B709F-E887-47C0-A419-E3E1B80DD9D9}"
EndProject
Project("{2150E333-8FDC-42A3-9474-1A3956D46DE8}") = "Graphs", "Graphs", "{FFC13A18-5DA4-47D6-AD8B-C61567224633}"
EndProject
Project("{9A19103F-16F7-4668-BE54-9A1E7A4F7556}") = "Graphs.Application", "Graphs\Graphs.Application\Graphs.Application.csproj", "{6B8F2D2B-A583-4F7F-91FD-528D034348AD}"
EndProject
Project("{9A19103F-16F7-4668-BE54-9A1E7A4F7556}") = "Graphs.Core", "Graphs\Graphs.Core\Graphs.Core.csproj", "{4795FE52-0E11-417E-A3FB-66ABB339FDDF}"
EndProject
Project("{9A19103F-16F7-4668-BE54-9A1E7A4F7556}") = "Graphs.Tests", "Graphs\Graphs.Tests\Graphs.Tests.csproj", "{CA1C06C5-679E-4181-824D-357FF138981C}"
EndProject
Project("{2150E333-8FDC-42A3-9474-1A3956D46DE8}") = "Searching", "Searching", "{02EB7DED-F843-4110-BA91-306FE35D1BBD}"
EndProject
Project("{9A19103F-16F7-4668-BE54-9A1E7A4F7556}") = "Searching.Benchmarks", "Searching\Searching.Benchmarks\Searching.Benchmarks.csproj", "{639BA5B9-D51D-4C1B-AAF8-4024B95A83AC}"
EndProject
Project("{9A19103F-16F7-4668-BE54-9A1E7A4F7556}") = "Searching.Common", "Searching\Searching.Common\Searching.Common.csproj", "{21049D4C-9956-4FC5-9EA9-7BF1BADE6BAD}"
EndProject
Project("{9A19103F-16F7-4668-BE54-9A1E7A4F7556}") = "Searching.Tests", "Searching\Searching.Tests\Searching.Tests.csproj", "{71AEB57E-A961-42BD-AB95-C628ABF42D66}"
EndProject
Project("{2150E333-8FDC-42A3-9474-1A3956D46DE8}") = "MathAlgo", "MathAlgo", "{989B2C6D-366D-450C-8E8F-9B7AFD79B282}"
EndProject
Project("{9A19103F-16F7-4668-BE54-9A1E7A4F7556}") = "MathAlgo.Common", "MathAlgo\MathAlgo.Common\MathAlgo.Common.csproj", "{B446C063-7E93-4DE5-B628-D9FFB146D6B0}"
EndProject
Project("{9A19103F-16F7-4668-BE54-9A1E7A4F7556}") = "MathAlgo.Tests", "MathAlgo\MathAlgo.Tests\MathAlgo.Tests.csproj", "{29EBA3FF-95E5-4F35-80C2-1C87D2C8671B}"
EndProject
Project("{2150E333-8FDC-42A3-9474-1A3956D46DE8}") = "Scheduling", "Scheduling", "{1B504758-5F54-45E4-87D7-D948ED955B97}"
EndProject
Project("{2150E333-8FDC-42A3-9474-1A3956D46DE8}") = "Spacing", "Spacing", "{CD2DA852-F927-4A70-ADEF-10D214CAC074}"
EndProject
Project("{9A19103F-16F7-4668-BE54-9A1E7A4F7556}") = "Searching.MajorityElementProblem", "Searching\Searching.MajorityElementProblem\Searching.MajorityElementProblem.csproj", "{3753A61F-A5A0-4ABC-AA7F-FE9A83A5B25A}"
EndProject
Project("{2150E333-8FDC-42A3-9474-1A3956D46DE8}") = "Physics", "Physics", "{22703847-B2C7-405F-9F42-58F89DB8DA06}"
EndProject
Project("{9A19103F-16F7-4668-BE54-9A1E7A4F7556}") = "Physics.Common", "Physics\Physics.Common\Physics.Common.csproj", "{7C61FEBC-3D84-484D-8312-3DF227DD853C}"
EndProject
Project("{9A19103F-16F7-4668-BE54-9A1E7A4F7556}") = "Physics.Tests", "Physics\Physics.Tests\Physics.Tests.csproj", "{F6F7831C-DC51-4412-8BAB-828C04E4D0B1}"
EndProject
Project("{9A19103F-16F7-4668-BE54-9A1E7A4F7556}") = "Spacing.Common", "Spacing\Spacing.Common\Spacing.Common.csproj", "{533B456A-FD0D-4704-ADDB-13C193A5C14C}"
EndProject
Project("{9A19103F-16F7-4668-BE54-9A1E7A4F7556}") = "Spacing.Tests", "Spacing\Spacing.Tests\Spacing.Tests.csproj", "{92D9016F-CCCF-4846-A11F-415E36163AF2}"
EndProject
Project("{9A19103F-16F7-4668-BE54-9A1E7A4F7556}") = "Spacing.Core", "Spacing\Spacing.Core\Spacing.Core.csproj", "{256CFF57-675C-4350-8651-FFC866143CEF}"
EndProject
Project("{9A19103F-16F7-4668-BE54-9A1E7A4F7556}") = "MathAlgo.Models", "MathAlgo\MathAlgo.Models\MathAlgo.Models.csproj", "{89D646F0-DD33-48D1-8E37-D652AFFCB421}"
EndProject
Project("{9A19103F-16F7-4668-BE54-9A1E7A4F7556}") = "Sorting.QuickSort", "Sorting\Sorting.QuickSort\Sorting.QuickSort.csproj", "{46687D33-D091-4719-89BB-1B623BA70CC3}"
EndProject
Project("{9A19103F-16F7-4668-BE54-9A1E7A4F7556}") = "Scheduling.Common", "Scheduling\Scheduling.Common\Scheduling.Common.csproj", "{4D7B7F1F-2124-47A8-B2E5-434D77CFD6BC}"
EndProject
Project("{9A19103F-16F7-4668-BE54-9A1E7A4F7556}") = "Scheduling.Tests", "Scheduling\Scheduling.Tests\Scheduling.Tests.csproj", "{F2D915E2-A204-4819-838D-C0C3553F0EB5}"
EndProject
Project("{9A19103F-16F7-4668-BE54-9A1E7A4F7556}") = "Scheduling.Models", "Scheduling\Scheduling.Models\Scheduling.Models.csproj", "{8BC37C14-AC87-4882-A3AB-09F092E89FA7}"
EndProject
Project("{9A19103F-16F7-4668-BE54-9A1E7A4F7556}") = "Scheduling.Intervals", "Scheduling\Scheduling.Intervals\Scheduling.Intervals.csproj", "{9E147733-8BDA-4424-B90E-D6198BA0C855}"
EndProject
Project("{2150E333-8FDC-42A3-9474-1A3956D46DE8}") = "Diagrams", "Diagrams", "{56F5E211-D098-48D2-B7F9-7A68BA6E2F90}"
	ProjectSection(SolutionItems) = preProject
		DataStructures\Diagrams\Classification of logical structure of data.jpg = DataStructures\Diagrams\Classification of logical structure of data.jpg
		DataStructures\Diagrams\Classification of storage stucture of data.jpg = DataStructures\Diagrams\Classification of storage stucture of data.jpg
		DataStructures\Diagrams\Comparison of features between sequential list and singly linked list.jpg = DataStructures\Diagrams\Comparison of features between sequential list and singly linked list.jpg
		DataStructures\Diagrams\Connections between concepts on multidimensional arrays.jpg = DataStructures\Diagrams\Connections between concepts on multidimensional arrays.jpg
		DataStructures\Diagrams\Connections between concepts on queue.jpg = DataStructures\Diagrams\Connections between concepts on queue.jpg
		DataStructures\Diagrams\Connections between concepts on stack.jpg = DataStructures\Diagrams\Connections between concepts on stack.jpg
		DataStructures\Diagrams\Connections between concepts on strings.jpg = DataStructures\Diagrams\Connections between concepts on strings.jpg
		DataStructures\Diagrams\Connections between the basic concepts in data structures.jpg = DataStructures\Diagrams\Connections between the basic concepts in data structures.jpg
		DataStructures\Diagrams\Connections between the concepts of hashing.jpg = DataStructures\Diagrams\Connections between the concepts of hashing.jpg
		DataStructures\Diagrams\Connections between the concepts of index.jpg = DataStructures\Diagrams\Connections between the concepts of index.jpg
		DataStructures\Diagrams\Connections between the concepts of lookup.jpg = DataStructures\Diagrams\Connections between the concepts of lookup.jpg
		DataStructures\Diagrams\Connections between various concepts of binary tree.jpg = DataStructures\Diagrams\Connections between various concepts of binary tree.jpg
		DataStructures\Diagrams\Connections between various concepts of graph.jpg = DataStructures\Diagrams\Connections between various concepts of graph.jpg
		DataStructures\Diagrams\Connections between various concepts of linear list.jpg = DataStructures\Diagrams\Connections between various concepts of linear list.jpg
		DataStructures\Diagrams\Connections between various concepts of sorting.jpg = DataStructures\Diagrams\Connections between various concepts of sorting.jpg
		DataStructures\Diagrams\Connections between various concepts of tree.jpg = DataStructures\Diagrams\Connections between various concepts of tree.jpg
		DataStructures\Diagrams\Linear list and the related forms.jpg = DataStructures\Diagrams\Linear list and the related forms.jpg
		DataStructures\Diagrams\Operations on structure data.jpg = DataStructures\Diagrams\Operations on structure data.jpg
		DataStructures\Diagrams\Relations between data.jpg = DataStructures\Diagrams\Relations between data.jpg
		DataStructures\Diagrams\Three key elements of data structures.jpg = DataStructures\Diagrams\Three key elements of data structures.jpg
	EndProjectSection
EndProject
Project("{9A19103F-16F7-4668-BE54-9A1E7A4F7556}") = "Sorting.Distribution", "Sorting\Sorting.Distribution\Sorting.Distribution.csproj", "{9B542EC8-F9EE-41BD-922E-089267F5A54C}"
EndProject
Project("{2150E333-8FDC-42A3-9474-1A3956D46DE8}") = "Biology", "Biology", "{9EC52E5D-2DEF-41CA-9FE7-111C24253C99}"
EndProject
Project("{9A19103F-16F7-4668-BE54-9A1E7A4F7556}") = "Biology.Common", "Biology\Biology.Common\Biology.Common.csproj", "{F09B3770-B113-4B60-8BD5-72BCE7A2716C}"
EndProject
Project("{9A19103F-16F7-4668-BE54-9A1E7A4F7556}") = "Biology.Tests", "Biology\Biology.Tests\Biology.Tests.csproj", "{566305A0-1965-499A-9667-7F06714A1D35}"
EndProject
Project("{FAE04EC0-301F-11D3-BF4B-00C04F79EFBC}") = "Searching.MediansAndOrderStatistics", "Searching\Searching.MediansAndOrderStatistics\Searching.MediansAndOrderStatistics.csproj", "{C7D272B8-84C4-4D55-8DA1-C4E168172B68}"
EndProject
Project("{2150E333-8FDC-42A3-9474-1A3956D46DE8}") = "TextProcessing", "TextProcessing", "{2669D6D8-6FB6-4539-AA0C-52A7D0F1F823}"
EndProject
Project("{9A19103F-16F7-4668-BE54-9A1E7A4F7556}") = "TextProcessing.Common", "TextProcessing\TextProcessing.Common\TextProcessing.Common.csproj", "{3E3D783E-EC00-435A-985A-FE1EF1A6AF30}"
EndProject
Project("{9A19103F-16F7-4668-BE54-9A1E7A4F7556}") = "TextProcessing.PatternMatching", "TextProcessing\TextProcessing.PatternMatching\TextProcessing.PatternMatching.csproj", "{9787EE0B-5A26-45CD-9B60-560138BE42FF}"
EndProject
Project("{FAE04EC0-301F-11D3-BF4B-00C04F79EFBC}") = "TextProcessing.Sorting", "TextProcessing\TextProcessing.Sorting\TextProcessing.Sorting.csproj", "{1037A3DC-393E-414A-AF89-74BBA40070B0}"
EndProject
Project("{FAE04EC0-301F-11D3-BF4B-00C04F79EFBC}") = "TextProcessing.ExamplesRunning", "TextProcessing\TextProcessing.ExamplesRunning\TextProcessing.ExamplesRunning.csproj", "{A7552B89-9CBE-4BDB-B3FE-2246C8B196B7}"
EndProject
Global
	GlobalSection(SolutionConfigurationPlatforms) = preSolution
		Debug|Any CPU = Debug|Any CPU
		Release|Any CPU = Release|Any CPU
	EndGlobalSection
	GlobalSection(ProjectConfigurationPlatforms) = postSolution
		{4A67230A-1B46-4525-A470-57C87780FF3D}.Debug|Any CPU.ActiveCfg = Debug|Any CPU
		{4A67230A-1B46-4525-A470-57C87780FF3D}.Debug|Any CPU.Build.0 = Debug|Any CPU
		{4A67230A-1B46-4525-A470-57C87780FF3D}.Release|Any CPU.ActiveCfg = Release|Any CPU
		{4A67230A-1B46-4525-A470-57C87780FF3D}.Release|Any CPU.Build.0 = Release|Any CPU
		{0B113622-06A7-46F8-B243-D66ADC855E15}.Debug|Any CPU.ActiveCfg = Debug|Any CPU
		{0B113622-06A7-46F8-B243-D66ADC855E15}.Debug|Any CPU.Build.0 = Debug|Any CPU
		{0B113622-06A7-46F8-B243-D66ADC855E15}.Release|Any CPU.ActiveCfg = Release|Any CPU
		{0B113622-06A7-46F8-B243-D66ADC855E15}.Release|Any CPU.Build.0 = Release|Any CPU
		{4109CB2A-3F74-4B41-B2DB-B6696ECB563A}.Debug|Any CPU.ActiveCfg = Debug|Any CPU
		{4109CB2A-3F74-4B41-B2DB-B6696ECB563A}.Debug|Any CPU.Build.0 = Debug|Any CPU
		{4109CB2A-3F74-4B41-B2DB-B6696ECB563A}.Release|Any CPU.ActiveCfg = Release|Any CPU
		{4109CB2A-3F74-4B41-B2DB-B6696ECB563A}.Release|Any CPU.Build.0 = Release|Any CPU
		{E0BCF15A-429B-4A6B-92DC-6EE2B9B015E5}.Debug|Any CPU.ActiveCfg = Debug|Any CPU
		{E0BCF15A-429B-4A6B-92DC-6EE2B9B015E5}.Debug|Any CPU.Build.0 = Debug|Any CPU
		{E0BCF15A-429B-4A6B-92DC-6EE2B9B015E5}.Release|Any CPU.ActiveCfg = Release|Any CPU
		{E0BCF15A-429B-4A6B-92DC-6EE2B9B015E5}.Release|Any CPU.Build.0 = Release|Any CPU
		{C7A07821-0C33-4D65-BC11-EA33F0B5E96F}.Debug|Any CPU.ActiveCfg = Debug|Any CPU
		{C7A07821-0C33-4D65-BC11-EA33F0B5E96F}.Debug|Any CPU.Build.0 = Debug|Any CPU
		{C7A07821-0C33-4D65-BC11-EA33F0B5E96F}.Release|Any CPU.ActiveCfg = Release|Any CPU
		{C7A07821-0C33-4D65-BC11-EA33F0B5E96F}.Release|Any CPU.Build.0 = Release|Any CPU
		{4EE87531-6679-41B4-82FE-F64008809848}.Debug|Any CPU.ActiveCfg = Debug|Any CPU
		{4EE87531-6679-41B4-82FE-F64008809848}.Debug|Any CPU.Build.0 = Debug|Any CPU
		{4EE87531-6679-41B4-82FE-F64008809848}.Release|Any CPU.ActiveCfg = Release|Any CPU
		{4EE87531-6679-41B4-82FE-F64008809848}.Release|Any CPU.Build.0 = Release|Any CPU
		{025DA348-7068-4D33-8D50-26FF27CAD138}.Debug|Any CPU.ActiveCfg = Debug|Any CPU
		{025DA348-7068-4D33-8D50-26FF27CAD138}.Debug|Any CPU.Build.0 = Debug|Any CPU
		{025DA348-7068-4D33-8D50-26FF27CAD138}.Release|Any CPU.ActiveCfg = Release|Any CPU
		{025DA348-7068-4D33-8D50-26FF27CAD138}.Release|Any CPU.Build.0 = Release|Any CPU
		{2C5CB3CF-3DC3-4EFF-8173-C98900D138D1}.Debug|Any CPU.ActiveCfg = Debug|Any CPU
		{2C5CB3CF-3DC3-4EFF-8173-C98900D138D1}.Debug|Any CPU.Build.0 = Debug|Any CPU
		{2C5CB3CF-3DC3-4EFF-8173-C98900D138D1}.Release|Any CPU.ActiveCfg = Release|Any CPU
		{2C5CB3CF-3DC3-4EFF-8173-C98900D138D1}.Release|Any CPU.Build.0 = Release|Any CPU
		{8F7F6F50-DE42-4709-BC8F-E35B5946A050}.Debug|Any CPU.ActiveCfg = Debug|Any CPU
		{8F7F6F50-DE42-4709-BC8F-E35B5946A050}.Debug|Any CPU.Build.0 = Debug|Any CPU
		{8F7F6F50-DE42-4709-BC8F-E35B5946A050}.Release|Any CPU.ActiveCfg = Release|Any CPU
		{8F7F6F50-DE42-4709-BC8F-E35B5946A050}.Release|Any CPU.Build.0 = Release|Any CPU
		{24F8E2A6-24FC-4669-A09F-BEEC60C8AB69}.Debug|Any CPU.ActiveCfg = Debug|Any CPU
		{24F8E2A6-24FC-4669-A09F-BEEC60C8AB69}.Debug|Any CPU.Build.0 = Debug|Any CPU
		{24F8E2A6-24FC-4669-A09F-BEEC60C8AB69}.Release|Any CPU.ActiveCfg = Release|Any CPU
		{24F8E2A6-24FC-4669-A09F-BEEC60C8AB69}.Release|Any CPU.Build.0 = Release|Any CPU
		{5B43203D-4735-4B18-A599-63D2F6D768F3}.Debug|Any CPU.ActiveCfg = Debug|Any CPU
		{5B43203D-4735-4B18-A599-63D2F6D768F3}.Debug|Any CPU.Build.0 = Debug|Any CPU
		{5B43203D-4735-4B18-A599-63D2F6D768F3}.Release|Any CPU.ActiveCfg = Release|Any CPU
		{5B43203D-4735-4B18-A599-63D2F6D768F3}.Release|Any CPU.Build.0 = Release|Any CPU
		{F5FB1898-A0AE-469B-AE28-2D5D141747A4}.Debug|Any CPU.ActiveCfg = Debug|Any CPU
		{F5FB1898-A0AE-469B-AE28-2D5D141747A4}.Debug|Any CPU.Build.0 = Debug|Any CPU
		{F5FB1898-A0AE-469B-AE28-2D5D141747A4}.Release|Any CPU.ActiveCfg = Release|Any CPU
		{F5FB1898-A0AE-469B-AE28-2D5D141747A4}.Release|Any CPU.Build.0 = Release|Any CPU
		{DFF4E3EF-8A5E-47C4-8FFD-8F5ED4AEF5BD}.Debug|Any CPU.ActiveCfg = Debug|Any CPU
		{DFF4E3EF-8A5E-47C4-8FFD-8F5ED4AEF5BD}.Debug|Any CPU.Build.0 = Debug|Any CPU
		{DFF4E3EF-8A5E-47C4-8FFD-8F5ED4AEF5BD}.Release|Any CPU.ActiveCfg = Release|Any CPU
		{DFF4E3EF-8A5E-47C4-8FFD-8F5ED4AEF5BD}.Release|Any CPU.Build.0 = Release|Any CPU
		{0908BA90-E80C-437F-AFB0-722973508D11}.Debug|Any CPU.ActiveCfg = Debug|Any CPU
		{0908BA90-E80C-437F-AFB0-722973508D11}.Debug|Any CPU.Build.0 = Debug|Any CPU
		{0908BA90-E80C-437F-AFB0-722973508D11}.Release|Any CPU.ActiveCfg = Release|Any CPU
		{0908BA90-E80C-437F-AFB0-722973508D11}.Release|Any CPU.Build.0 = Release|Any CPU
		{EBBCEA58-0417-4667-9100-A4A180D39687}.Debug|Any CPU.ActiveCfg = Debug|Any CPU
		{EBBCEA58-0417-4667-9100-A4A180D39687}.Debug|Any CPU.Build.0 = Debug|Any CPU
		{EBBCEA58-0417-4667-9100-A4A180D39687}.Release|Any CPU.ActiveCfg = Release|Any CPU
		{EBBCEA58-0417-4667-9100-A4A180D39687}.Release|Any CPU.Build.0 = Release|Any CPU
		{36CA6368-98B6-4D1C-BC70-7DB8EF4B9BEB}.Debug|Any CPU.ActiveCfg = Debug|Any CPU
		{36CA6368-98B6-4D1C-BC70-7DB8EF4B9BEB}.Debug|Any CPU.Build.0 = Debug|Any CPU
		{36CA6368-98B6-4D1C-BC70-7DB8EF4B9BEB}.Release|Any CPU.ActiveCfg = Release|Any CPU
		{36CA6368-98B6-4D1C-BC70-7DB8EF4B9BEB}.Release|Any CPU.Build.0 = Release|Any CPU
		{6E5F4642-1D69-4B9C-9D29-ADD5FD5AE09F}.Debug|Any CPU.ActiveCfg = Debug|Any CPU
		{6E5F4642-1D69-4B9C-9D29-ADD5FD5AE09F}.Debug|Any CPU.Build.0 = Debug|Any CPU
		{6E5F4642-1D69-4B9C-9D29-ADD5FD5AE09F}.Release|Any CPU.ActiveCfg = Release|Any CPU
		{6E5F4642-1D69-4B9C-9D29-ADD5FD5AE09F}.Release|Any CPU.Build.0 = Release|Any CPU
		{874B709F-E887-47C0-A419-E3E1B80DD9D9}.Debug|Any CPU.ActiveCfg = Debug|Any CPU
		{874B709F-E887-47C0-A419-E3E1B80DD9D9}.Debug|Any CPU.Build.0 = Debug|Any CPU
		{874B709F-E887-47C0-A419-E3E1B80DD9D9}.Release|Any CPU.ActiveCfg = Release|Any CPU
		{874B709F-E887-47C0-A419-E3E1B80DD9D9}.Release|Any CPU.Build.0 = Release|Any CPU
		{6B8F2D2B-A583-4F7F-91FD-528D034348AD}.Debug|Any CPU.ActiveCfg = Debug|Any CPU
		{6B8F2D2B-A583-4F7F-91FD-528D034348AD}.Debug|Any CPU.Build.0 = Debug|Any CPU
		{6B8F2D2B-A583-4F7F-91FD-528D034348AD}.Release|Any CPU.ActiveCfg = Release|Any CPU
		{6B8F2D2B-A583-4F7F-91FD-528D034348AD}.Release|Any CPU.Build.0 = Release|Any CPU
		{4795FE52-0E11-417E-A3FB-66ABB339FDDF}.Debug|Any CPU.ActiveCfg = Debug|Any CPU
		{4795FE52-0E11-417E-A3FB-66ABB339FDDF}.Debug|Any CPU.Build.0 = Debug|Any CPU
		{4795FE52-0E11-417E-A3FB-66ABB339FDDF}.Release|Any CPU.ActiveCfg = Release|Any CPU
		{4795FE52-0E11-417E-A3FB-66ABB339FDDF}.Release|Any CPU.Build.0 = Release|Any CPU
		{CA1C06C5-679E-4181-824D-357FF138981C}.Debug|Any CPU.ActiveCfg = Debug|Any CPU
		{CA1C06C5-679E-4181-824D-357FF138981C}.Debug|Any CPU.Build.0 = Debug|Any CPU
		{CA1C06C5-679E-4181-824D-357FF138981C}.Release|Any CPU.ActiveCfg = Release|Any CPU
		{CA1C06C5-679E-4181-824D-357FF138981C}.Release|Any CPU.Build.0 = Release|Any CPU
		{639BA5B9-D51D-4C1B-AAF8-4024B95A83AC}.Debug|Any CPU.ActiveCfg = Debug|Any CPU
		{639BA5B9-D51D-4C1B-AAF8-4024B95A83AC}.Debug|Any CPU.Build.0 = Debug|Any CPU
		{639BA5B9-D51D-4C1B-AAF8-4024B95A83AC}.Release|Any CPU.ActiveCfg = Release|Any CPU
		{639BA5B9-D51D-4C1B-AAF8-4024B95A83AC}.Release|Any CPU.Build.0 = Release|Any CPU
		{21049D4C-9956-4FC5-9EA9-7BF1BADE6BAD}.Debug|Any CPU.ActiveCfg = Debug|Any CPU
		{21049D4C-9956-4FC5-9EA9-7BF1BADE6BAD}.Debug|Any CPU.Build.0 = Debug|Any CPU
		{21049D4C-9956-4FC5-9EA9-7BF1BADE6BAD}.Release|Any CPU.ActiveCfg = Release|Any CPU
		{21049D4C-9956-4FC5-9EA9-7BF1BADE6BAD}.Release|Any CPU.Build.0 = Release|Any CPU
		{71AEB57E-A961-42BD-AB95-C628ABF42D66}.Debug|Any CPU.ActiveCfg = Debug|Any CPU
		{71AEB57E-A961-42BD-AB95-C628ABF42D66}.Debug|Any CPU.Build.0 = Debug|Any CPU
		{71AEB57E-A961-42BD-AB95-C628ABF42D66}.Release|Any CPU.ActiveCfg = Release|Any CPU
		{71AEB57E-A961-42BD-AB95-C628ABF42D66}.Release|Any CPU.Build.0 = Release|Any CPU
		{B446C063-7E93-4DE5-B628-D9FFB146D6B0}.Debug|Any CPU.ActiveCfg = Debug|Any CPU
		{B446C063-7E93-4DE5-B628-D9FFB146D6B0}.Debug|Any CPU.Build.0 = Debug|Any CPU
		{B446C063-7E93-4DE5-B628-D9FFB146D6B0}.Release|Any CPU.ActiveCfg = Release|Any CPU
		{B446C063-7E93-4DE5-B628-D9FFB146D6B0}.Release|Any CPU.Build.0 = Release|Any CPU
		{29EBA3FF-95E5-4F35-80C2-1C87D2C8671B}.Debug|Any CPU.ActiveCfg = Debug|Any CPU
		{29EBA3FF-95E5-4F35-80C2-1C87D2C8671B}.Debug|Any CPU.Build.0 = Debug|Any CPU
		{29EBA3FF-95E5-4F35-80C2-1C87D2C8671B}.Release|Any CPU.ActiveCfg = Release|Any CPU
		{29EBA3FF-95E5-4F35-80C2-1C87D2C8671B}.Release|Any CPU.Build.0 = Release|Any CPU
		{3753A61F-A5A0-4ABC-AA7F-FE9A83A5B25A}.Debug|Any CPU.ActiveCfg = Debug|Any CPU
		{3753A61F-A5A0-4ABC-AA7F-FE9A83A5B25A}.Debug|Any CPU.Build.0 = Debug|Any CPU
		{3753A61F-A5A0-4ABC-AA7F-FE9A83A5B25A}.Release|Any CPU.ActiveCfg = Release|Any CPU
		{3753A61F-A5A0-4ABC-AA7F-FE9A83A5B25A}.Release|Any CPU.Build.0 = Release|Any CPU
		{7C61FEBC-3D84-484D-8312-3DF227DD853C}.Debug|Any CPU.ActiveCfg = Debug|Any CPU
		{7C61FEBC-3D84-484D-8312-3DF227DD853C}.Debug|Any CPU.Build.0 = Debug|Any CPU
		{7C61FEBC-3D84-484D-8312-3DF227DD853C}.Release|Any CPU.ActiveCfg = Release|Any CPU
		{7C61FEBC-3D84-484D-8312-3DF227DD853C}.Release|Any CPU.Build.0 = Release|Any CPU
		{F6F7831C-DC51-4412-8BAB-828C04E4D0B1}.Debug|Any CPU.ActiveCfg = Debug|Any CPU
		{F6F7831C-DC51-4412-8BAB-828C04E4D0B1}.Debug|Any CPU.Build.0 = Debug|Any CPU
		{F6F7831C-DC51-4412-8BAB-828C04E4D0B1}.Release|Any CPU.ActiveCfg = Release|Any CPU
		{F6F7831C-DC51-4412-8BAB-828C04E4D0B1}.Release|Any CPU.Build.0 = Release|Any CPU
		{533B456A-FD0D-4704-ADDB-13C193A5C14C}.Debug|Any CPU.ActiveCfg = Debug|Any CPU
		{533B456A-FD0D-4704-ADDB-13C193A5C14C}.Debug|Any CPU.Build.0 = Debug|Any CPU
		{533B456A-FD0D-4704-ADDB-13C193A5C14C}.Release|Any CPU.ActiveCfg = Release|Any CPU
		{533B456A-FD0D-4704-ADDB-13C193A5C14C}.Release|Any CPU.Build.0 = Release|Any CPU
		{92D9016F-CCCF-4846-A11F-415E36163AF2}.Debug|Any CPU.ActiveCfg = Debug|Any CPU
		{92D9016F-CCCF-4846-A11F-415E36163AF2}.Debug|Any CPU.Build.0 = Debug|Any CPU
		{92D9016F-CCCF-4846-A11F-415E36163AF2}.Release|Any CPU.ActiveCfg = Release|Any CPU
		{92D9016F-CCCF-4846-A11F-415E36163AF2}.Release|Any CPU.Build.0 = Release|Any CPU
		{256CFF57-675C-4350-8651-FFC866143CEF}.Debug|Any CPU.ActiveCfg = Debug|Any CPU
		{256CFF57-675C-4350-8651-FFC866143CEF}.Debug|Any CPU.Build.0 = Debug|Any CPU
		{256CFF57-675C-4350-8651-FFC866143CEF}.Release|Any CPU.ActiveCfg = Release|Any CPU
		{256CFF57-675C-4350-8651-FFC866143CEF}.Release|Any CPU.Build.0 = Release|Any CPU
		{89D646F0-DD33-48D1-8E37-D652AFFCB421}.Debug|Any CPU.ActiveCfg = Debug|Any CPU
		{89D646F0-DD33-48D1-8E37-D652AFFCB421}.Debug|Any CPU.Build.0 = Debug|Any CPU
		{89D646F0-DD33-48D1-8E37-D652AFFCB421}.Release|Any CPU.ActiveCfg = Release|Any CPU
		{89D646F0-DD33-48D1-8E37-D652AFFCB421}.Release|Any CPU.Build.0 = Release|Any CPU
		{46687D33-D091-4719-89BB-1B623BA70CC3}.Debug|Any CPU.ActiveCfg = Debug|Any CPU
		{46687D33-D091-4719-89BB-1B623BA70CC3}.Debug|Any CPU.Build.0 = Debug|Any CPU
		{46687D33-D091-4719-89BB-1B623BA70CC3}.Release|Any CPU.ActiveCfg = Release|Any CPU
		{46687D33-D091-4719-89BB-1B623BA70CC3}.Release|Any CPU.Build.0 = Release|Any CPU
		{4D7B7F1F-2124-47A8-B2E5-434D77CFD6BC}.Debug|Any CPU.ActiveCfg = Debug|Any CPU
		{4D7B7F1F-2124-47A8-B2E5-434D77CFD6BC}.Debug|Any CPU.Build.0 = Debug|Any CPU
		{4D7B7F1F-2124-47A8-B2E5-434D77CFD6BC}.Release|Any CPU.ActiveCfg = Release|Any CPU
		{4D7B7F1F-2124-47A8-B2E5-434D77CFD6BC}.Release|Any CPU.Build.0 = Release|Any CPU
		{F2D915E2-A204-4819-838D-C0C3553F0EB5}.Debug|Any CPU.ActiveCfg = Debug|Any CPU
		{F2D915E2-A204-4819-838D-C0C3553F0EB5}.Debug|Any CPU.Build.0 = Debug|Any CPU
		{F2D915E2-A204-4819-838D-C0C3553F0EB5}.Release|Any CPU.ActiveCfg = Release|Any CPU
		{F2D915E2-A204-4819-838D-C0C3553F0EB5}.Release|Any CPU.Build.0 = Release|Any CPU
		{8BC37C14-AC87-4882-A3AB-09F092E89FA7}.Debug|Any CPU.ActiveCfg = Debug|Any CPU
		{8BC37C14-AC87-4882-A3AB-09F092E89FA7}.Debug|Any CPU.Build.0 = Debug|Any CPU
		{8BC37C14-AC87-4882-A3AB-09F092E89FA7}.Release|Any CPU.ActiveCfg = Release|Any CPU
		{8BC37C14-AC87-4882-A3AB-09F092E89FA7}.Release|Any CPU.Build.0 = Release|Any CPU
		{9E147733-8BDA-4424-B90E-D6198BA0C855}.Debug|Any CPU.ActiveCfg = Debug|Any CPU
		{9E147733-8BDA-4424-B90E-D6198BA0C855}.Debug|Any CPU.Build.0 = Debug|Any CPU
		{9E147733-8BDA-4424-B90E-D6198BA0C855}.Release|Any CPU.ActiveCfg = Release|Any CPU
		{9E147733-8BDA-4424-B90E-D6198BA0C855}.Release|Any CPU.Build.0 = Release|Any CPU
		{9B542EC8-F9EE-41BD-922E-089267F5A54C}.Debug|Any CPU.ActiveCfg = Debug|Any CPU
		{9B542EC8-F9EE-41BD-922E-089267F5A54C}.Debug|Any CPU.Build.0 = Debug|Any CPU
		{9B542EC8-F9EE-41BD-922E-089267F5A54C}.Release|Any CPU.ActiveCfg = Release|Any CPU
		{9B542EC8-F9EE-41BD-922E-089267F5A54C}.Release|Any CPU.Build.0 = Release|Any CPU
		{F09B3770-B113-4B60-8BD5-72BCE7A2716C}.Debug|Any CPU.ActiveCfg = Debug|Any CPU
		{F09B3770-B113-4B60-8BD5-72BCE7A2716C}.Debug|Any CPU.Build.0 = Debug|Any CPU
		{F09B3770-B113-4B60-8BD5-72BCE7A2716C}.Release|Any CPU.ActiveCfg = Release|Any CPU
		{F09B3770-B113-4B60-8BD5-72BCE7A2716C}.Release|Any CPU.Build.0 = Release|Any CPU
		{566305A0-1965-499A-9667-7F06714A1D35}.Debug|Any CPU.ActiveCfg = Debug|Any CPU
		{566305A0-1965-499A-9667-7F06714A1D35}.Debug|Any CPU.Build.0 = Debug|Any CPU
		{566305A0-1965-499A-9667-7F06714A1D35}.Release|Any CPU.ActiveCfg = Release|Any CPU
		{566305A0-1965-499A-9667-7F06714A1D35}.Release|Any CPU.Build.0 = Release|Any CPU
		{C7D272B8-84C4-4D55-8DA1-C4E168172B68}.Debug|Any CPU.ActiveCfg = Debug|Any CPU
		{C7D272B8-84C4-4D55-8DA1-C4E168172B68}.Debug|Any CPU.Build.0 = Debug|Any CPU
		{C7D272B8-84C4-4D55-8DA1-C4E168172B68}.Release|Any CPU.ActiveCfg = Release|Any CPU
		{C7D272B8-84C4-4D55-8DA1-C4E168172B68}.Release|Any CPU.Build.0 = Release|Any CPU
		{3E3D783E-EC00-435A-985A-FE1EF1A6AF30}.Debug|Any CPU.ActiveCfg = Debug|Any CPU
		{3E3D783E-EC00-435A-985A-FE1EF1A6AF30}.Debug|Any CPU.Build.0 = Debug|Any CPU
		{3E3D783E-EC00-435A-985A-FE1EF1A6AF30}.Release|Any CPU.ActiveCfg = Release|Any CPU
		{3E3D783E-EC00-435A-985A-FE1EF1A6AF30}.Release|Any CPU.Build.0 = Release|Any CPU
		{9787EE0B-5A26-45CD-9B60-560138BE42FF}.Debug|Any CPU.ActiveCfg = Debug|Any CPU
		{9787EE0B-5A26-45CD-9B60-560138BE42FF}.Debug|Any CPU.Build.0 = Debug|Any CPU
		{9787EE0B-5A26-45CD-9B60-560138BE42FF}.Release|Any CPU.ActiveCfg = Release|Any CPU
		{9787EE0B-5A26-45CD-9B60-560138BE42FF}.Release|Any CPU.Build.0 = Release|Any CPU
		{1037A3DC-393E-414A-AF89-74BBA40070B0}.Debug|Any CPU.ActiveCfg = Debug|Any CPU
		{1037A3DC-393E-414A-AF89-74BBA40070B0}.Debug|Any CPU.Build.0 = Debug|Any CPU
		{1037A3DC-393E-414A-AF89-74BBA40070B0}.Release|Any CPU.ActiveCfg = Release|Any CPU
		{1037A3DC-393E-414A-AF89-74BBA40070B0}.Release|Any CPU.Build.0 = Release|Any CPU
		{A7552B89-9CBE-4BDB-B3FE-2246C8B196B7}.Debug|Any CPU.ActiveCfg = Debug|Any CPU
		{A7552B89-9CBE-4BDB-B3FE-2246C8B196B7}.Debug|Any CPU.Build.0 = Debug|Any CPU
		{A7552B89-9CBE-4BDB-B3FE-2246C8B196B7}.Release|Any CPU.ActiveCfg = Release|Any CPU
		{A7552B89-9CBE-4BDB-B3FE-2246C8B196B7}.Release|Any CPU.Build.0 = Release|Any CPU
	EndGlobalSection
	GlobalSection(SolutionProperties) = preSolution
		HideSolutionNode = FALSE
	EndGlobalSection
	GlobalSection(NestedProjects) = preSolution
		{4A67230A-1B46-4525-A470-57C87780FF3D} = {36111B8C-157A-4353-8A4D-E10180E3ECF1}
		{0B113622-06A7-46F8-B243-D66ADC855E15} = {36111B8C-157A-4353-8A4D-E10180E3ECF1}
		{4109CB2A-3F74-4B41-B2DB-B6696ECB563A} = {36111B8C-157A-4353-8A4D-E10180E3ECF1}
		{E0BCF15A-429B-4A6B-92DC-6EE2B9B015E5} = {36111B8C-157A-4353-8A4D-E10180E3ECF1}
		{C7A07821-0C33-4D65-BC11-EA33F0B5E96F} = {36111B8C-157A-4353-8A4D-E10180E3ECF1}
		{4EE87531-6679-41B4-82FE-F64008809848} = {36111B8C-157A-4353-8A4D-E10180E3ECF1}
		{EBBCEA58-0417-4667-9100-A4A180D39687} = {FA0F85E5-C5BE-4E92-9B69-3631BC7EF2FD}
		{36CA6368-98B6-4D1C-BC70-7DB8EF4B9BEB} = {FA0F85E5-C5BE-4E92-9B69-3631BC7EF2FD}
		{6E5F4642-1D69-4B9C-9D29-ADD5FD5AE09F} = {FA0F85E5-C5BE-4E92-9B69-3631BC7EF2FD}
		{874B709F-E887-47C0-A419-E3E1B80DD9D9} = {FA0F85E5-C5BE-4E92-9B69-3631BC7EF2FD}
		{6B8F2D2B-A583-4F7F-91FD-528D034348AD} = {FFC13A18-5DA4-47D6-AD8B-C61567224633}
		{4795FE52-0E11-417E-A3FB-66ABB339FDDF} = {FFC13A18-5DA4-47D6-AD8B-C61567224633}
		{CA1C06C5-679E-4181-824D-357FF138981C} = {FFC13A18-5DA4-47D6-AD8B-C61567224633}
		{639BA5B9-D51D-4C1B-AAF8-4024B95A83AC} = {02EB7DED-F843-4110-BA91-306FE35D1BBD}
		{21049D4C-9956-4FC5-9EA9-7BF1BADE6BAD} = {02EB7DED-F843-4110-BA91-306FE35D1BBD}
		{71AEB57E-A961-42BD-AB95-C628ABF42D66} = {02EB7DED-F843-4110-BA91-306FE35D1BBD}
		{B446C063-7E93-4DE5-B628-D9FFB146D6B0} = {989B2C6D-366D-450C-8E8F-9B7AFD79B282}
		{29EBA3FF-95E5-4F35-80C2-1C87D2C8671B} = {989B2C6D-366D-450C-8E8F-9B7AFD79B282}
		{3753A61F-A5A0-4ABC-AA7F-FE9A83A5B25A} = {02EB7DED-F843-4110-BA91-306FE35D1BBD}
		{7C61FEBC-3D84-484D-8312-3DF227DD853C} = {22703847-B2C7-405F-9F42-58F89DB8DA06}
		{F6F7831C-DC51-4412-8BAB-828C04E4D0B1} = {22703847-B2C7-405F-9F42-58F89DB8DA06}
		{533B456A-FD0D-4704-ADDB-13C193A5C14C} = {CD2DA852-F927-4A70-ADEF-10D214CAC074}
		{92D9016F-CCCF-4846-A11F-415E36163AF2} = {CD2DA852-F927-4A70-ADEF-10D214CAC074}
		{256CFF57-675C-4350-8651-FFC866143CEF} = {CD2DA852-F927-4A70-ADEF-10D214CAC074}
		{89D646F0-DD33-48D1-8E37-D652AFFCB421} = {989B2C6D-366D-450C-8E8F-9B7AFD79B282}
		{46687D33-D091-4719-89BB-1B623BA70CC3} = {FA0F85E5-C5BE-4E92-9B69-3631BC7EF2FD}
		{4D7B7F1F-2124-47A8-B2E5-434D77CFD6BC} = {1B504758-5F54-45E4-87D7-D948ED955B97}
		{F2D915E2-A204-4819-838D-C0C3553F0EB5} = {1B504758-5F54-45E4-87D7-D948ED955B97}
		{8BC37C14-AC87-4882-A3AB-09F092E89FA7} = {1B504758-5F54-45E4-87D7-D948ED955B97}
		{9E147733-8BDA-4424-B90E-D6198BA0C855} = {1B504758-5F54-45E4-87D7-D948ED955B97}
		{56F5E211-D098-48D2-B7F9-7A68BA6E2F90} = {36111B8C-157A-4353-8A4D-E10180E3ECF1}
		{9B542EC8-F9EE-41BD-922E-089267F5A54C} = {FA0F85E5-C5BE-4E92-9B69-3631BC7EF2FD}
		{F09B3770-B113-4B60-8BD5-72BCE7A2716C} = {9EC52E5D-2DEF-41CA-9FE7-111C24253C99}
		{566305A0-1965-499A-9667-7F06714A1D35} = {9EC52E5D-2DEF-41CA-9FE7-111C24253C99}
		{C7D272B8-84C4-4D55-8DA1-C4E168172B68} = {02EB7DED-F843-4110-BA91-306FE35D1BBD}
		{3E3D783E-EC00-435A-985A-FE1EF1A6AF30} = {2669D6D8-6FB6-4539-AA0C-52A7D0F1F823}
		{9787EE0B-5A26-45CD-9B60-560138BE42FF} = {2669D6D8-6FB6-4539-AA0C-52A7D0F1F823}
		{1037A3DC-393E-414A-AF89-74BBA40070B0} = {2669D6D8-6FB6-4539-AA0C-52A7D0F1F823}
		{A7552B89-9CBE-4BDB-B3FE-2246C8B196B7} = {2669D6D8-6FB6-4539-AA0C-52A7D0F1F823}
	EndGlobalSection
	GlobalSection(ExtensibilityGlobals) = postSolution
		SolutionGuid = {1F0EF03E-741C-47C2-9E8E-0624F896543E}
	EndGlobalSection
EndGlobal
